
Microsoft Visual Studio Solution File, Format Version 12.00
# Visual Studio Version 17
VisualStudioVersion = 17.1.32210.238
MinimumVisualStudioVersion = 10.0.40219.1
Project("{FAE04EC0-301F-11D3-BF4B-00C04F79EFBC}") = "Task", "Task\Task.csproj", "{A8A8495F-7ACD-4A49-89A5-1DC8128FAF6C}"
EndProject
Global
	GlobalSection(SolutionConfigurationPlatforms) = preSolution
		Debug|Any CPU = Debug|Any CPU
		Release|Any CPU = Release|Any CPU
	EndGlobalSection
	GlobalSection(ProjectConfigurationPlatforms) = postSolution
		{A8A8495F-7ACD-4A49-89A5-1DC8128FAF6C}.Debug|Any CPU.ActiveCfg = Debug|Any CPU
		{A8A8495F-7ACD-4A49-89A5-1DC8128FAF6C}.Debug|Any CPU.Build.0 = Debug|Any CPU
		{A8A8495F-7ACD-4A49-89A5-1DC8128FAF6C}.Release|Any CPU.ActiveCfg = Release|Any CPU
		{A8A8495F-7ACD-4A49-89A5-1DC8128FAF6C}.Release|Any CPU.Build.0 = Release|Any CPU
	EndGlobalSection
	GlobalSection(SolutionProperties) = preSolution
		HideSolutionNode = FALSE
	EndGlobalSection
	GlobalSection(ExtensibilityGlobals) = postSolution
		SolutionGuid = {034E1F91-3E68-4AD3-B744-CE511EB6787B}
	EndGlobalSection
EndGlobal
